
Microsoft Visual Studio Solution File, Format Version 12.00
# Visual Studio Version 16
VisualStudioVersion = 16.0.31829.152
MinimumVisualStudioVersion = 10.0.40219.1
Project("{9A19103F-16F7-4668-BE54-9A1E7A4F7556}") = "SelfGorwingNN", "SelfGorwingNN.csproj", "{BB005693-9B76-478F-95AE-9BE9FCBD754B}"
EndProject
Project("{FAE04EC0-301F-11D3-BF4B-00C04F79EFBC}") = "SelfGorwingNNTests", "..\SelfGorwingNNTests\SelfGorwingNNTests.csproj", "{49BB47E3-1ED4-4575-A148-82275296825C}"
EndProject
Global
	GlobalSection(SolutionConfigurationPlatforms) = preSolution
		Debug|Any CPU = Debug|Any CPU
		Release|Any CPU = Release|Any CPU
	EndGlobalSection
	GlobalSection(ProjectConfigurationPlatforms) = postSolution
		{BB005693-9B76-478F-95AE-9BE9FCBD754B}.Debug|Any CPU.ActiveCfg = Debug|Any CPU
		{BB005693-9B76-478F-95AE-9BE9FCBD754B}.Debug|Any CPU.Build.0 = Debug|Any CPU
		{BB005693-9B76-478F-95AE-9BE9FCBD754B}.Release|Any CPU.ActiveCfg = Release|Any CPU
		{BB005693-9B76-478F-95AE-9BE9FCBD754B}.Release|Any CPU.Build.0 = Release|Any CPU
		{49BB47E3-1ED4-4575-A148-82275296825C}.Debug|Any CPU.ActiveCfg = Debug|Any CPU
		{49BB47E3-1ED4-4575-A148-82275296825C}.Debug|Any CPU.Build.0 = Debug|Any CPU
		{49BB47E3-1ED4-4575-A148-82275296825C}.Release|Any CPU.ActiveCfg = Release|Any CPU
		{49BB47E3-1ED4-4575-A148-82275296825C}.Release|Any CPU.Build.0 = Release|Any CPU
	EndGlobalSection
	GlobalSection(SolutionProperties) = preSolution
		HideSolutionNode = FALSE
	EndGlobalSection
	GlobalSection(ExtensibilityGlobals) = postSolution
		SolutionGuid = {0EC64AE4-99FA-4FDC-BD5A-E47664412204}
	EndGlobalSection
EndGlobal
